
Microsoft Visual Studio Solution File, Format Version 12.00
# Visual Studio Version 17
VisualStudioVersion = 17.5.002.0
MinimumVisualStudioVersion = 10.0.40219.1
Project("{9A19103F-16F7-4668-BE54-9A1E7A4F7556}") = "task", "task\task.csproj", "{15523129-DCE4-4B6B-97DC-C50CE2E2C68C}"
EndProject
Global
	GlobalSection(SolutionConfigurationPlatforms) = preSolution
		Debug|Any CPU = Debug|Any CPU
		Release|Any CPU = Release|Any CPU
	EndGlobalSection
	GlobalSection(ProjectConfigurationPlatforms) = postSolution
		{15523129-DCE4-4B6B-97DC-C50CE2E2C68C}.Debug|Any CPU.ActiveCfg = Debug|Any CPU
		{15523129-DCE4-4B6B-97DC-C50CE2E2C68C}.Debug|Any CPU.Build.0 = Debug|Any CPU
		{15523129-DCE4-4B6B-97DC-C50CE2E2C68C}.Release|Any CPU.ActiveCfg = Release|Any CPU
		{15523129-DCE4-4B6B-97DC-C50CE2E2C68C}.Release|Any CPU.Build.0 = Release|Any CPU
	EndGlobalSection
	GlobalSection(SolutionProperties) = preSolution
		HideSolutionNode = FALSE
	EndGlobalSection
	GlobalSection(ExtensibilityGlobals) = postSolution
		SolutionGuid = {32919F26-6BE7-4CAD-BEB1-7438348BBEBC}
	EndGlobalSection
EndGlobal
